
Microsoft Visual Studio Solution File, Format Version 12.00
# Visual Studio Version 17
VisualStudioVersion = 17.12.35527.113
MinimumVisualStudioVersion = 10.0.40219.1
Project("{FAE04EC0-301F-11D3-BF4B-00C04F79EFBC}") = "Session2Demo", "Session2Demo\Session2Demo.csproj", "{B2D52C6A-8F4F-4AB8-88A9-93E7302DC42B}"
EndProject
Project("{FAE04EC0-301F-11D3-BF4B-00C04F79EFBC}") = "Assignment", "Assignment\Assignment.csproj", "{9B3C397E-8145-4BA0-8B8C-5FB3C5AA51A5}"
EndProject
Global
	GlobalSection(SolutionConfigurationPlatforms) = preSolution
		Debug|Any CPU = Debug|Any CPU
		Release|Any CPU = Release|Any CPU
	EndGlobalSection
	GlobalSection(ProjectConfigurationPlatforms) = postSolution
		{B2D52C6A-8F4F-4AB8-88A9-93E7302DC42B}.Debug|Any CPU.ActiveCfg = Debug|Any CPU
		{B2D52C6A-8F4F-4AB8-88A9-93E7302DC42B}.Debug|Any CPU.Build.0 = Debug|Any CPU
		{B2D52C6A-8F4F-4AB8-88A9-93E7302DC42B}.Release|Any CPU.ActiveCfg = Release|Any CPU
		{B2D52C6A-8F4F-4AB8-88A9-93E7302DC42B}.Release|Any CPU.Build.0 = Release|Any CPU
		{9B3C397E-8145-4BA0-8B8C-5FB3C5AA51A5}.Debug|Any CPU.ActiveCfg = Debug|Any CPU
		{9B3C397E-8145-4BA0-8B8C-5FB3C5AA51A5}.Debug|Any CPU.Build.0 = Debug|Any CPU
		{9B3C397E-8145-4BA0-8B8C-5FB3C5AA51A5}.Release|Any CPU.ActiveCfg = Release|Any CPU
		{9B3C397E-8145-4BA0-8B8C-5FB3C5AA51A5}.Release|Any CPU.Build.0 = Release|Any CPU
	EndGlobalSection
	GlobalSection(SolutionProperties) = preSolution
		HideSolutionNode = FALSE
	EndGlobalSection
EndGlobal
